// !$*UTF8*$!
{
	archiveVersion = 1;
	classes = {
	};
	objectVersion = 46;
	objects = {

/* Begin PBXBuildFile section */
		00E356F31AD99517003FC87E /* nextposTests.m in Sources */ = {isa = PBXBuildFile; fileRef = 00E356F21AD99517003FC87E /* nextposTests.m */; };
		02183F6188F840F7964877CD /* Roboto.ttf in Resources */ = {isa = PBXBuildFile; fileRef = 2F2FB276CADF47269A8698A7 /* Roboto.ttf */; };
		03E0AFDF6F2142898581B679 /* Roboto-Regular.ttf in Resources */ = {isa = PBXBuildFile; fileRef = 8AF65C5504A14AC3928BBF9C /* Roboto-Regular.ttf */; };
		04962F93E81A476995A6BD88 /* Roboto_medium.ttf in Resources */ = {isa = PBXBuildFile; fileRef = FD9051718BEC4C0089A37919 /* Roboto_medium.ttf */; };
		0B7678D01D4B473C8D36924D /* MaterialCommunityIcons.ttf in Resources */ = {isa = PBXBuildFile; fileRef = 00649651CA6A42A68C335AC6 /* MaterialCommunityIcons.ttf */; };
		13B07FBC1A68108700A75B9A /* AppDelegate.m in Sources */ = {isa = PBXBuildFile; fileRef = 13B07FB01A68108700A75B9A /* AppDelegate.m */; };
		13B07FBD1A68108700A75B9A /* LaunchScreen.xib in Resources */ = {isa = PBXBuildFile; fileRef = 13B07FB11A68108700A75B9A /* LaunchScreen.xib */; };
		13B07FBF1A68108700A75B9A /* Images.xcassets in Resources */ = {isa = PBXBuildFile; fileRef = 13B07FB51A68108700A75B9A /* Images.xcassets */; };
		13B07FC11A68108700A75B9A /* main.m in Sources */ = {isa = PBXBuildFile; fileRef = 13B07FB71A68108700A75B9A /* main.m */; };
		15668D7E2534898C005B62BD /* lottie.swift in Sources */ = {isa = PBXBuildFile; fileRef = 15668D7D2534898C005B62BD /* lottie.swift */; };
		15EB7A025AA94EB9A26AF9F5 /* Roboto-Thin.ttf in Resources */ = {isa = PBXBuildFile; fileRef = A39EEBD9368945A1A2AED7C0 /* Roboto-Thin.ttf */; };
		1B521C4729174881B1AE4CA3 /* Quicksand-Bold.ttf in Resources */ = {isa = PBXBuildFile; fileRef = 7FAA2C64CC84480ABF7EBF14 /* Quicksand-Bold.ttf */; };
		1C82585E4A5B44CA918D1D3F /* Roboto-BoldItalic.ttf in Resources */ = {isa = PBXBuildFile; fileRef = 5BAD95A03ABA434B9310D514 /* Roboto-BoldItalic.ttf */; };
		1C98D796F44C47EBB411498E /* MaterialIcons.ttf in Resources */ = {isa = PBXBuildFile; fileRef = 263B26DAB72A46FABEA36DF8 /* MaterialIcons.ttf */; };
		1E9CB1870C64485783177090 /* Quicksand-Regular.ttf in Resources */ = {isa = PBXBuildFile; fileRef = 9BB03D05E0FD42DEA25EC48B /* Quicksand-Regular.ttf */; };
		1F6086E0AF594726BB88F4DB /* Roboto-Medium.ttf in Resources */ = {isa = PBXBuildFile; fileRef = C40C07AA06F04D5EAAEEE762 /* Roboto-Medium.ttf */; };
		2089B552B05A46B89FB33573 /* Octicons.ttf in Resources */ = {isa = PBXBuildFile; fileRef = D01F657909614AE985226E2F /* Octicons.ttf */; };
		21EC02420C4B437CACB56F83 /* SF-UI-Text-Regular.otf in Resources */ = {isa = PBXBuildFile; fileRef = 7A80F9F5890A4E00A8FC4AF0 /* SF-UI-Text-Regular.otf */; };
		259925A8BC8342D9B92E7A2C /* SF-Compact-Text-Semibold.otf in Resources */ = {isa = PBXBuildFile; fileRef = 6C11B0D7CE8B41BFB748EFD4 /* SF-Compact-Text-Semibold.otf */; };
		260EE5643C2044B1ABE823ED /* Quicksand-Medium.ttf in Resources */ = {isa = PBXBuildFile; fileRef = 30B9CCD0B934436C987372EF /* Quicksand-Medium.ttf */; };
		2D02E4BC1E0B4A80006451C7 /* AppDelegate.m in Sources */ = {isa = PBXBuildFile; fileRef = 13B07FB01A68108700A75B9A /* AppDelegate.m */; };
		2D02E4BD1E0B4A84006451C7 /* Images.xcassets in Resources */ = {isa = PBXBuildFile; fileRef = 13B07FB51A68108700A75B9A /* Images.xcassets */; };
		2D02E4BF1E0B4AB3006451C7 /* main.m in Sources */ = {isa = PBXBuildFile; fileRef = 13B07FB71A68108700A75B9A /* main.m */; };
		2DCD954D1E0B4F2C00145EB5 /* nextposTests.m in Sources */ = {isa = PBXBuildFile; fileRef = 00E356F21AD99517003FC87E /* nextposTests.m */; };
		30715E55CDE241B19F0C7CE6 /* Roboto-Light.ttf in Resources */ = {isa = PBXBuildFile; fileRef = E95A7EF2D2004231B7A8E83E /* Roboto-Light.ttf */; };
		309614A143094AF196160313 /* Fontisto.ttf in Resources */ = {isa = PBXBuildFile; fileRef = D56D62ADF85F42DC9D945580 /* Fontisto.ttf */; };
		384F3F280D814E9492022FC3 /* Entypo.ttf in Resources */ = {isa = PBXBuildFile; fileRef = 3DF5CF32881F414DA781A632 /* Entypo.ttf */; };
		44C7F9BB9C5643E49A5DD5AA /* SimpleLineIcons.ttf in Resources */ = {isa = PBXBuildFile; fileRef = 8E02B370C9AF48868A1C33AC /* SimpleLineIcons.ttf */; };
		4B785107C3494E2FB604761F /* Feather.ttf in Resources */ = {isa = PBXBuildFile; fileRef = 3F3C2A2341A94D5BBB3924A0 /* Feather.ttf */; };
		4E91F6B4A7584897A3596520 /* Ionicons.ttf in Resources */ = {isa = PBXBuildFile; fileRef = 564C1ABD6056478DAE02D7C6 /* Ionicons.ttf */; };
		5632134C943CB31D35CAE899 /* libPods-nextpos-tvOSTests.a in Frameworks */ = {isa = PBXBuildFile; fileRef = 22D12DDB2367511CDFB1C922 /* libPods-nextpos-tvOSTests.a */; };
		5E0D9889509C4C7EA5AF3F52 /* Roboto-MediumItalic.ttf in Resources */ = {isa = PBXBuildFile; fileRef = 5DF155C9529949BE989A19B7 /* Roboto-MediumItalic.ttf */; };
		6A7F472FDC5F1475092B13B2 /* libPods-nextposTests.a in Frameworks */ = {isa = PBXBuildFile; fileRef = 927B33710E3F911C3B56F25F /* libPods-nextposTests.a */; };
		75DB9C0D65D046F7960AE1EA /* sofiapro-light.otf in Resources */ = {isa = PBXBuildFile; fileRef = F5F55AB252EC471FBB3B0F8A /* sofiapro-light.otf */; };
		7BB2344ED09D4EB79BEDFD26 /* Roboto-Italic.ttf in Resources */ = {isa = PBXBuildFile; fileRef = 4666CD798213426E98B60508 /* Roboto-Italic.ttf */; };
		7DAB2CD2420D4FB9A4797F9F /* Foundation.ttf in Resources */ = {isa = PBXBuildFile; fileRef = 8D694527FA0A446BAC514D0A /* Foundation.ttf */; };
		7E2FDE302750481790B6CCCF /* AntDesign.ttf in Resources */ = {isa = PBXBuildFile; fileRef = A7675B7E0579424BB5B7C63A /* AntDesign.ttf */; };
		81B4B65EC8C04FBC8AECA766 /* rubicon-icon-font.ttf in Resources */ = {isa = PBXBuildFile; fileRef = A42B661AB8C64AE9A127D610 /* rubicon-icon-font.ttf */; };
		823AB20DA0DB4088AE62A517 /* FontAwesome.ttf in Resources */ = {isa = PBXBuildFile; fileRef = A0259630AB1143378FCDCA58 /* FontAwesome.ttf */; };
		9B9587E6373E46CBB38BBD64 /* Roboto-Black.ttf in Resources */ = {isa = PBXBuildFile; fileRef = DDA53461B3D848F0848EA8BE /* Roboto-Black.ttf */; };
		9D5B2C54BD1041EE9A4FE7D4 /* Roboto-ThinItalic.ttf in Resources */ = {isa = PBXBuildFile; fileRef = 92072F770C0444669CFDF9A8 /* Roboto-ThinItalic.ttf */; };
		9E748DF757124AFF89562543 /* SF-UI-Display-Regular.otf in Resources */ = {isa = PBXBuildFile; fileRef = 5BE7EB22C4ED4CAAA29D8871 /* SF-UI-Display-Regular.otf */; };
		A0F208725E9342539874A648 /* Roboto-BlackItalic.ttf in Resources */ = {isa = PBXBuildFile; fileRef = E3154CEFF91F4E6A89BBBE79 /* Roboto-BlackItalic.ttf */; };
		A7F90934FCE74936BB9E4FBF /* GreatVibes-Regular.ttf in Resources */ = {isa = PBXBuildFile; fileRef = 07E19DFADF1B484CA3027BF6 /* GreatVibes-Regular.ttf */; };
		B9C45AD08462090876BA36C4 /* libPods-nextpos.a in Frameworks */ = {isa = PBXBuildFile; fileRef = 16451867235A71D782A55B82 /* libPods-nextpos.a */; };
		BB749248B8F44206A835F2DE /* FontAwesome5_Solid.ttf in Resources */ = {isa = PBXBuildFile; fileRef = 74F1A06064CD4D2298647802 /* FontAwesome5_Solid.ttf */; };
		C3511F821D6247A5B29C048F /* Roboto-LightItalic.ttf in Resources */ = {isa = PBXBuildFile; fileRef = 957161DE7EF04E17AC5A55A1 /* Roboto-LightItalic.ttf */; };
		CD40715F05DA49B592CBE070 /* Zocial.ttf in Resources */ = {isa = PBXBuildFile; fileRef = C9ADCE1DF84341449ACA8438 /* Zocial.ttf */; };
		D024C612DB32447AB416F2F2 /* FontAwesome5_Brands.ttf in Resources */ = {isa = PBXBuildFile; fileRef = D2497C755DD044DD8EE25CC4 /* FontAwesome5_Brands.ttf */; };
		D7ACA797F7E94A02846E5CC8 /* FontAwesome5_Regular.ttf in Resources */ = {isa = PBXBuildFile; fileRef = 676962CE8FF043AF84B582B3 /* FontAwesome5_Regular.ttf */; };
		EABD8F344F0946EE8C23F653 /* Roboto-Bold.ttf in Resources */ = {isa = PBXBuildFile; fileRef = 700177408D484BD584EEBF7C /* Roboto-Bold.ttf */; };
		F2E8DF0405AA4E198B6B43A3 /* EvilIcons.ttf in Resources */ = {isa = PBXBuildFile; fileRef = 39B656C9DBF24C1884F7D005 /* EvilIcons.ttf */; };
		F65CC260C842609950215AC9 /* libPods-nextpos-tvOS.a in Frameworks */ = {isa = PBXBuildFile; fileRef = 22137086E43BF790B6BE542C /* libPods-nextpos-tvOS.a */; };
		FC66C8419848413CAC093B38 /* SF-UI-Display-Ultralight.otf in Resources */ = {isa = PBXBuildFile; fileRef = 9854FDCD90754BB0A71EA80A /* SF-UI-Display-Ultralight.otf */; };
		FEE14494456A4414BC394E99 /* Quicksand-Light.ttf in Resources */ = {isa = PBXBuildFile; fileRef = 9C227FBC2C3749A8B933A129 /* Quicksand-Light.ttf */; };
/* End PBXBuildFile section */

/* Begin PBXContainerItemProxy section */
		00E356F41AD99517003FC87E /* PBXContainerItemProxy */ = {
			isa = PBXContainerItemProxy;
			containerPortal = 83CBB9F71A601CBA00E9B192 /* Project object */;
			proxyType = 1;
			remoteGlobalIDString = 13B07F861A680F5B00A75B9A;
			remoteInfo = nextpos;
		};
		2D02E4911E0B4A5D006451C7 /* PBXContainerItemProxy */ = {
			isa = PBXContainerItemProxy;
			containerPortal = 83CBB9F71A601CBA00E9B192 /* Project object */;
			proxyType = 1;
			remoteGlobalIDString = 2D02E47A1E0B4A5D006451C7;
			remoteInfo = "nextpos-tvOS";
		};
/* End PBXContainerItemProxy section */

/* Begin PBXFileReference section */
		00649651CA6A42A68C335AC6 /* MaterialCommunityIcons.ttf */ = {isa = PBXFileReference; explicitFileType = undefined; fileEncoding = 9; includeInIndex = 0; lastKnownFileType = unknown; name = MaterialCommunityIcons.ttf; path = "../node_modules/native-base/Fonts/MaterialCommunityIcons.ttf"; sourceTree = "<group>"; };
		008F07F21AC5B25A0029DE68 /* main.jsbundle */ = {isa = PBXFileReference; fileEncoding = 4; lastKnownFileType = text; path = main.jsbundle; sourceTree = "<group>"; };
		00E356EE1AD99517003FC87E /* nextposTests.xctest */ = {isa = PBXFileReference; explicitFileType = wrapper.cfbundle; includeInIndex = 0; path = nextposTests.xctest; sourceTree = BUILT_PRODUCTS_DIR; };
		00E356F11AD99517003FC87E /* Info.plist */ = {isa = PBXFileReference; lastKnownFileType = text.plist.xml; path = Info.plist; sourceTree = "<group>"; };
		00E356F21AD99517003FC87E /* nextposTests.m */ = {isa = PBXFileReference; lastKnownFileType = sourcecode.c.objc; path = nextposTests.m; sourceTree = "<group>"; };
		07E19DFADF1B484CA3027BF6 /* GreatVibes-Regular.ttf */ = {isa = PBXFileReference; explicitFileType = undefined; fileEncoding = 9; includeInIndex = 0; lastKnownFileType = unknown; name = "GreatVibes-Regular.ttf"; path = "../app/shared/themes/fonts/Great_Vibes/GreatVibes-Regular.ttf"; sourceTree = "<group>"; };
		130C877A436ECDDAC076E9F8 /* Pods-nextpos.debug.xcconfig */ = {isa = PBXFileReference; includeInIndex = 1; lastKnownFileType = text.xcconfig; name = "Pods-nextpos.debug.xcconfig"; path = "Target Support Files/Pods-nextpos/Pods-nextpos.debug.xcconfig"; sourceTree = "<group>"; };
		13B07F961A680F5B00A75B9A /* nextpos.app */ = {isa = PBXFileReference; explicitFileType = wrapper.application; includeInIndex = 0; path = nextpos.app; sourceTree = BUILT_PRODUCTS_DIR; };
		13B07FAF1A68108700A75B9A /* AppDelegate.h */ = {isa = PBXFileReference; fileEncoding = 4; lastKnownFileType = sourcecode.c.h; name = AppDelegate.h; path = nextpos/AppDelegate.h; sourceTree = "<group>"; };
		13B07FB01A68108700A75B9A /* AppDelegate.m */ = {isa = PBXFileReference; fileEncoding = 4; lastKnownFileType = sourcecode.c.objc; name = AppDelegate.m; path = nextpos/AppDelegate.m; sourceTree = "<group>"; };
		13B07FB21A68108700A75B9A /* Base */ = {isa = PBXFileReference; lastKnownFileType = file.xib; name = Base; path = Base.lproj/LaunchScreen.xib; sourceTree = "<group>"; };
		13B07FB51A68108700A75B9A /* Images.xcassets */ = {isa = PBXFileReference; lastKnownFileType = folder.assetcatalog; name = Images.xcassets; path = nextpos/Images.xcassets; sourceTree = "<group>"; };
		13B07FB61A68108700A75B9A /* Info.plist */ = {isa = PBXFileReference; fileEncoding = 4; lastKnownFileType = text.plist.xml; name = Info.plist; path = nextpos/Info.plist; sourceTree = "<group>"; };
		13B07FB71A68108700A75B9A /* main.m */ = {isa = PBXFileReference; fileEncoding = 4; lastKnownFileType = sourcecode.c.objc; name = main.m; path = nextpos/main.m; sourceTree = "<group>"; };
		15668D7C2534898C005B62BD /* nextpos-Bridging-Header.h */ = {isa = PBXFileReference; lastKnownFileType = sourcecode.c.h; path = "nextpos-Bridging-Header.h"; sourceTree = "<group>"; };
		15668D7D2534898C005B62BD /* lottie.swift */ = {isa = PBXFileReference; lastKnownFileType = sourcecode.swift; path = lottie.swift; sourceTree = "<group>"; };
		16451867235A71D782A55B82 /* libPods-nextpos.a */ = {isa = PBXFileReference; explicitFileType = archive.ar; includeInIndex = 0; path = "libPods-nextpos.a"; sourceTree = BUILT_PRODUCTS_DIR; };
		22137086E43BF790B6BE542C /* libPods-nextpos-tvOS.a */ = {isa = PBXFileReference; explicitFileType = archive.ar; includeInIndex = 0; path = "libPods-nextpos-tvOS.a"; sourceTree = BUILT_PRODUCTS_DIR; };
		22D12DDB2367511CDFB1C922 /* libPods-nextpos-tvOSTests.a */ = {isa = PBXFileReference; explicitFileType = archive.ar; includeInIndex = 0; path = "libPods-nextpos-tvOSTests.a"; sourceTree = BUILT_PRODUCTS_DIR; };
		263B26DAB72A46FABEA36DF8 /* MaterialIcons.ttf */ = {isa = PBXFileReference; explicitFileType = undefined; fileEncoding = 9; includeInIndex = 0; lastKnownFileType = unknown; name = MaterialIcons.ttf; path = "../node_modules/native-base/Fonts/MaterialIcons.ttf"; sourceTree = "<group>"; };
		2D02E47B1E0B4A5D006451C7 /* nextpos-tvOS.app */ = {isa = PBXFileReference; explicitFileType = wrapper.application; includeInIndex = 0; path = "nextpos-tvOS.app"; sourceTree = BUILT_PRODUCTS_DIR; };
		2D02E4901E0B4A5D006451C7 /* nextpos-tvOSTests.xctest */ = {isa = PBXFileReference; explicitFileType = wrapper.cfbundle; includeInIndex = 0; path = "nextpos-tvOSTests.xctest"; sourceTree = BUILT_PRODUCTS_DIR; };
		2F2FB276CADF47269A8698A7 /* Roboto.ttf */ = {isa = PBXFileReference; explicitFileType = undefined; fileEncoding = 9; includeInIndex = 0; lastKnownFileType = unknown; name = Roboto.ttf; path = "../node_modules/native-base/Fonts/Roboto.ttf"; sourceTree = "<group>"; };
		30B9CCD0B934436C987372EF /* Quicksand-Medium.ttf */ = {isa = PBXFileReference; explicitFileType = undefined; fileEncoding = 9; includeInIndex = 0; lastKnownFileType = unknown; name = "Quicksand-Medium.ttf"; path = "../app/shared/themes/fonts/Quicksand/Quicksand-Medium.ttf"; sourceTree = "<group>"; };
		39B656C9DBF24C1884F7D005 /* EvilIcons.ttf */ = {isa = PBXFileReference; explicitFileType = undefined; fileEncoding = 9; includeInIndex = 0; lastKnownFileType = unknown; name = EvilIcons.ttf; path = "../node_modules/native-base/Fonts/EvilIcons.ttf"; sourceTree = "<group>"; };
		3DF5CF32881F414DA781A632 /* Entypo.ttf */ = {isa = PBXFileReference; explicitFileType = undefined; fileEncoding = 9; includeInIndex = 0; lastKnownFileType = unknown; name = Entypo.ttf; path = "../node_modules/native-base/Fonts/Entypo.ttf"; sourceTree = "<group>"; };
		3F3C2A2341A94D5BBB3924A0 /* Feather.ttf */ = {isa = PBXFileReference; explicitFileType = undefined; fileEncoding = 9; includeInIndex = 0; lastKnownFileType = unknown; name = Feather.ttf; path = "../node_modules/native-base/Fonts/Feather.ttf"; sourceTree = "<group>"; };
		4666CD798213426E98B60508 /* Roboto-Italic.ttf */ = {isa = PBXFileReference; explicitFileType = undefined; fileEncoding = 9; includeInIndex = 0; lastKnownFileType = unknown; name = "Roboto-Italic.ttf"; path = "../app/shared/themes/fonts/Roboto/Roboto-Italic.ttf"; sourceTree = "<group>"; };
		4ECA2049DD9BD8F077BE2D99 /* Pods-nextpos-tvOSTests.release.xcconfig */ = {isa = PBXFileReference; includeInIndex = 1; lastKnownFileType = text.xcconfig; name = "Pods-nextpos-tvOSTests.release.xcconfig"; path = "Target Support Files/Pods-nextpos-tvOSTests/Pods-nextpos-tvOSTests.release.xcconfig"; sourceTree = "<group>"; };
		564C1ABD6056478DAE02D7C6 /* Ionicons.ttf */ = {isa = PBXFileReference; explicitFileType = undefined; fileEncoding = 9; includeInIndex = 0; lastKnownFileType = unknown; name = Ionicons.ttf; path = "../node_modules/native-base/Fonts/Ionicons.ttf"; sourceTree = "<group>"; };
		5BAD95A03ABA434B9310D514 /* Roboto-BoldItalic.ttf */ = {isa = PBXFileReference; explicitFileType = undefined; fileEncoding = 9; includeInIndex = 0; lastKnownFileType = unknown; name = "Roboto-BoldItalic.ttf"; path = "../app/shared/themes/fonts/Roboto/Roboto-BoldItalic.ttf"; sourceTree = "<group>"; };
		5BE7EB22C4ED4CAAA29D8871 /* SF-UI-Display-Regular.otf */ = {isa = PBXFileReference; explicitFileType = undefined; fileEncoding = 9; includeInIndex = 0; lastKnownFileType = unknown; name = "SF-UI-Display-Regular.otf"; path = "../app/shared/themes/fonts/SanFrancisco/SF-UI-Display-Regular.otf"; sourceTree = "<group>"; };
		5DF155C9529949BE989A19B7 /* Roboto-MediumItalic.ttf */ = {isa = PBXFileReference; explicitFileType = undefined; fileEncoding = 9; includeInIndex = 0; lastKnownFileType = unknown; name = "Roboto-MediumItalic.ttf"; path = "../app/shared/themes/fonts/Roboto/Roboto-MediumItalic.ttf"; sourceTree = "<group>"; };
		676962CE8FF043AF84B582B3 /* FontAwesome5_Regular.ttf */ = {isa = PBXFileReference; explicitFileType = undefined; fileEncoding = 9; includeInIndex = 0; lastKnownFileType = unknown; name = FontAwesome5_Regular.ttf; path = "../node_modules/native-base/Fonts/FontAwesome5_Regular.ttf"; sourceTree = "<group>"; };
		6C11B0D7CE8B41BFB748EFD4 /* SF-Compact-Text-Semibold.otf */ = {isa = PBXFileReference; explicitFileType = undefined; fileEncoding = 9; includeInIndex = 0; lastKnownFileType = unknown; name = "SF-Compact-Text-Semibold.otf"; path = "../app/shared/themes/fonts/SanFrancisco/SF-Compact-Text-Semibold.otf"; sourceTree = "<group>"; };
		700177408D484BD584EEBF7C /* Roboto-Bold.ttf */ = {isa = PBXFileReference; explicitFileType = undefined; fileEncoding = 9; includeInIndex = 0; lastKnownFileType = unknown; name = "Roboto-Bold.ttf"; path = "../app/shared/themes/fonts/Roboto/Roboto-Bold.ttf"; sourceTree = "<group>"; };
		74F1A06064CD4D2298647802 /* FontAwesome5_Solid.ttf */ = {isa = PBXFileReference; explicitFileType = undefined; fileEncoding = 9; includeInIndex = 0; lastKnownFileType = unknown; name = FontAwesome5_Solid.ttf; path = "../node_modules/native-base/Fonts/FontAwesome5_Solid.ttf"; sourceTree = "<group>"; };
		7A80F9F5890A4E00A8FC4AF0 /* SF-UI-Text-Regular.otf */ = {isa = PBXFileReference; explicitFileType = undefined; fileEncoding = 9; includeInIndex = 0; lastKnownFileType = unknown; name = "SF-UI-Text-Regular.otf"; path = "../app/shared/themes/fonts/SanFrancisco/SF-UI-Text-Regular.otf"; sourceTree = "<group>"; };
		7FAA2C64CC84480ABF7EBF14 /* Quicksand-Bold.ttf */ = {isa = PBXFileReference; explicitFileType = undefined; fileEncoding = 9; includeInIndex = 0; lastKnownFileType = unknown; name = "Quicksand-Bold.ttf"; path = "../app/shared/themes/fonts/Quicksand/Quicksand-Bold.ttf"; sourceTree = "<group>"; };
		8AF65C5504A14AC3928BBF9C /* Roboto-Regular.ttf */ = {isa = PBXFileReference; explicitFileType = undefined; fileEncoding = 9; includeInIndex = 0; lastKnownFileType = unknown; name = "Roboto-Regular.ttf"; path = "../app/shared/themes/fonts/Roboto/Roboto-Regular.ttf"; sourceTree = "<group>"; };
		8D694527FA0A446BAC514D0A /* Foundation.ttf */ = {isa = PBXFileReference; explicitFileType = undefined; fileEncoding = 9; includeInIndex = 0; lastKnownFileType = unknown; name = Foundation.ttf; path = "../node_modules/native-base/Fonts/Foundation.ttf"; sourceTree = "<group>"; };
		8E02B370C9AF48868A1C33AC /* SimpleLineIcons.ttf */ = {isa = PBXFileReference; explicitFileType = undefined; fileEncoding = 9; includeInIndex = 0; lastKnownFileType = unknown; name = SimpleLineIcons.ttf; path = "../node_modules/native-base/Fonts/SimpleLineIcons.ttf"; sourceTree = "<group>"; };
		92072F770C0444669CFDF9A8 /* Roboto-ThinItalic.ttf */ = {isa = PBXFileReference; explicitFileType = undefined; fileEncoding = 9; includeInIndex = 0; lastKnownFileType = unknown; name = "Roboto-ThinItalic.ttf"; path = "../app/shared/themes/fonts/Roboto/Roboto-ThinItalic.ttf"; sourceTree = "<group>"; };
		927B33710E3F911C3B56F25F /* libPods-nextposTests.a */ = {isa = PBXFileReference; explicitFileType = archive.ar; includeInIndex = 0; path = "libPods-nextposTests.a"; sourceTree = BUILT_PRODUCTS_DIR; };
		957161DE7EF04E17AC5A55A1 /* Roboto-LightItalic.ttf */ = {isa = PBXFileReference; explicitFileType = undefined; fileEncoding = 9; includeInIndex = 0; lastKnownFileType = unknown; name = "Roboto-LightItalic.ttf"; path = "../app/shared/themes/fonts/Roboto/Roboto-LightItalic.ttf"; sourceTree = "<group>"; };
		9854FDCD90754BB0A71EA80A /* SF-UI-Display-Ultralight.otf */ = {isa = PBXFileReference; explicitFileType = undefined; fileEncoding = 9; includeInIndex = 0; lastKnownFileType = unknown; name = "SF-UI-Display-Ultralight.otf"; path = "../app/shared/themes/fonts/SanFrancisco/SF-UI-Display-Ultralight.otf"; sourceTree = "<group>"; };
		9B1B492CF9171403617A7CE2 /* Pods-nextpos-tvOS.debug.xcconfig */ = {isa = PBXFileReference; includeInIndex = 1; lastKnownFileType = text.xcconfig; name = "Pods-nextpos-tvOS.debug.xcconfig"; path = "Target Support Files/Pods-nextpos-tvOS/Pods-nextpos-tvOS.debug.xcconfig"; sourceTree = "<group>"; };
		9BB03D05E0FD42DEA25EC48B /* Quicksand-Regular.ttf */ = {isa = PBXFileReference; explicitFileType = undefined; fileEncoding = 9; includeInIndex = 0; lastKnownFileType = unknown; name = "Quicksand-Regular.ttf"; path = "../app/shared/themes/fonts/Quicksand/Quicksand-Regular.ttf"; sourceTree = "<group>"; };
		9C227FBC2C3749A8B933A129 /* Quicksand-Light.ttf */ = {isa = PBXFileReference; explicitFileType = undefined; fileEncoding = 9; includeInIndex = 0; lastKnownFileType = unknown; name = "Quicksand-Light.ttf"; path = "../app/shared/themes/fonts/Quicksand/Quicksand-Light.ttf"; sourceTree = "<group>"; };
		A0259630AB1143378FCDCA58 /* FontAwesome.ttf */ = {isa = PBXFileReference; explicitFileType = undefined; fileEncoding = 9; includeInIndex = 0; lastKnownFileType = unknown; name = FontAwesome.ttf; path = "../node_modules/native-base/Fonts/FontAwesome.ttf"; sourceTree = "<group>"; };
		A39EEBD9368945A1A2AED7C0 /* Roboto-Thin.ttf */ = {isa = PBXFileReference; explicitFileType = undefined; fileEncoding = 9; includeInIndex = 0; lastKnownFileType = unknown; name = "Roboto-Thin.ttf"; path = "../app/shared/themes/fonts/Roboto/Roboto-Thin.ttf"; sourceTree = "<group>"; };
		A42B661AB8C64AE9A127D610 /* rubicon-icon-font.ttf */ = {isa = PBXFileReference; explicitFileType = undefined; fileEncoding = 9; includeInIndex = 0; lastKnownFileType = unknown; name = "rubicon-icon-font.ttf"; path = "../node_modules/native-base/Fonts/rubicon-icon-font.ttf"; sourceTree = "<group>"; };
		A7675B7E0579424BB5B7C63A /* AntDesign.ttf */ = {isa = PBXFileReference; explicitFileType = undefined; fileEncoding = 9; includeInIndex = 0; lastKnownFileType = unknown; name = AntDesign.ttf; path = "../node_modules/native-base/Fonts/AntDesign.ttf"; sourceTree = "<group>"; };
		AC59A6C982B0D863174E3FA2 /* Pods-nextpos-tvOSTests.debug.xcconfig */ = {isa = PBXFileReference; includeInIndex = 1; lastKnownFileType = text.xcconfig; name = "Pods-nextpos-tvOSTests.debug.xcconfig"; path = "Target Support Files/Pods-nextpos-tvOSTests/Pods-nextpos-tvOSTests.debug.xcconfig"; sourceTree = "<group>"; };
		C40C07AA06F04D5EAAEEE762 /* Roboto-Medium.ttf */ = {isa = PBXFileReference; explicitFileType = undefined; fileEncoding = 9; includeInIndex = 0; lastKnownFileType = unknown; name = "Roboto-Medium.ttf"; path = "../app/shared/themes/fonts/Roboto/Roboto-Medium.ttf"; sourceTree = "<group>"; };
		C9ADCE1DF84341449ACA8438 /* Zocial.ttf */ = {isa = PBXFileReference; explicitFileType = undefined; fileEncoding = 9; includeInIndex = 0; lastKnownFileType = unknown; name = Zocial.ttf; path = "../node_modules/native-base/Fonts/Zocial.ttf"; sourceTree = "<group>"; };
		CB05964877FA6124D301CFDB /* Pods-nextposTests.release.xcconfig */ = {isa = PBXFileReference; includeInIndex = 1; lastKnownFileType = text.xcconfig; name = "Pods-nextposTests.release.xcconfig"; path = "Target Support Files/Pods-nextposTests/Pods-nextposTests.release.xcconfig"; sourceTree = "<group>"; };
		D01F657909614AE985226E2F /* Octicons.ttf */ = {isa = PBXFileReference; explicitFileType = undefined; fileEncoding = 9; includeInIndex = 0; lastKnownFileType = unknown; name = Octicons.ttf; path = "../node_modules/native-base/Fonts/Octicons.ttf"; sourceTree = "<group>"; };
		D2497C755DD044DD8EE25CC4 /* FontAwesome5_Brands.ttf */ = {isa = PBXFileReference; explicitFileType = undefined; fileEncoding = 9; includeInIndex = 0; lastKnownFileType = unknown; name = FontAwesome5_Brands.ttf; path = "../node_modules/native-base/Fonts/FontAwesome5_Brands.ttf"; sourceTree = "<group>"; };
		D56D62ADF85F42DC9D945580 /* Fontisto.ttf */ = {isa = PBXFileReference; explicitFileType = undefined; fileEncoding = 9; includeInIndex = 0; lastKnownFileType = unknown; name = Fontisto.ttf; path = "../node_modules/native-base/Fonts/Fontisto.ttf"; sourceTree = "<group>"; };
		D971077E1C4D5C1F6F432FEF /* Pods-nextpos-tvOS.release.xcconfig */ = {isa = PBXFileReference; includeInIndex = 1; lastKnownFileType = text.xcconfig; name = "Pods-nextpos-tvOS.release.xcconfig"; path = "Target Support Files/Pods-nextpos-tvOS/Pods-nextpos-tvOS.release.xcconfig"; sourceTree = "<group>"; };
		DDA53461B3D848F0848EA8BE /* Roboto-Black.ttf */ = {isa = PBXFileReference; explicitFileType = undefined; fileEncoding = 9; includeInIndex = 0; lastKnownFileType = unknown; name = "Roboto-Black.ttf"; path = "../app/shared/themes/fonts/Roboto/Roboto-Black.ttf"; sourceTree = "<group>"; };
		DF0E2D2CD00254104390755A /* Pods-nextpos.release.xcconfig */ = {isa = PBXFileReference; includeInIndex = 1; lastKnownFileType = text.xcconfig; name = "Pods-nextpos.release.xcconfig"; path = "Target Support Files/Pods-nextpos/Pods-nextpos.release.xcconfig"; sourceTree = "<group>"; };
		E3154CEFF91F4E6A89BBBE79 /* Roboto-BlackItalic.ttf */ = {isa = PBXFileReference; explicitFileType = undefined; fileEncoding = 9; includeInIndex = 0; lastKnownFileType = unknown; name = "Roboto-BlackItalic.ttf"; path = "../app/shared/themes/fonts/Roboto/Roboto-BlackItalic.ttf"; sourceTree = "<group>"; };
		E95A7EF2D2004231B7A8E83E /* Roboto-Light.ttf */ = {isa = PBXFileReference; explicitFileType = undefined; fileEncoding = 9; includeInIndex = 0; lastKnownFileType = unknown; name = "Roboto-Light.ttf"; path = "../app/shared/themes/fonts/Roboto/Roboto-Light.ttf"; sourceTree = "<group>"; };
		ECA636349C2EBE1C9A2F3DA9 /* Pods-nextposTests.debug.xcconfig */ = {isa = PBXFileReference; includeInIndex = 1; lastKnownFileType = text.xcconfig; name = "Pods-nextposTests.debug.xcconfig"; path = "Target Support Files/Pods-nextposTests/Pods-nextposTests.debug.xcconfig"; sourceTree = "<group>"; };
		ED297162215061F000B7C4FE /* JavaScriptCore.framework */ = {isa = PBXFileReference; lastKnownFileType = wrapper.framework; name = JavaScriptCore.framework; path = System/Library/Frameworks/JavaScriptCore.framework; sourceTree = SDKROOT; };
		ED2971642150620600B7C4FE /* JavaScriptCore.framework */ = {isa = PBXFileReference; lastKnownFileType = wrapper.framework; name = JavaScriptCore.framework; path = Platforms/AppleTVOS.platform/Developer/SDKs/AppleTVOS12.0.sdk/System/Library/Frameworks/JavaScriptCore.framework; sourceTree = DEVELOPER_DIR; };
		F5F55AB252EC471FBB3B0F8A /* sofiapro-light.otf */ = {isa = PBXFileReference; explicitFileType = undefined; fileEncoding = 9; includeInIndex = 0; lastKnownFileType = unknown; name = "sofiapro-light.otf"; path = "../app/shared/themes/fonts/sofia/sofiapro-light.otf"; sourceTree = "<group>"; };
		FD9051718BEC4C0089A37919 /* Roboto_medium.ttf */ = {isa = PBXFileReference; explicitFileType = undefined; fileEncoding = 9; includeInIndex = 0; lastKnownFileType = unknown; name = Roboto_medium.ttf; path = "../node_modules/native-base/Fonts/Roboto_medium.ttf"; sourceTree = "<group>"; };
/* End PBXFileReference section */

/* Begin PBXFrameworksBuildPhase section */
		00E356EB1AD99517003FC87E /* Frameworks */ = {
			isa = PBXFrameworksBuildPhase;
			buildActionMask = 2147483647;
			files = (
				6A7F472FDC5F1475092B13B2 /* libPods-nextposTests.a in Frameworks */,
			);
			runOnlyForDeploymentPostprocessing = 0;
		};
		13B07F8C1A680F5B00A75B9A /* Frameworks */ = {
			isa = PBXFrameworksBuildPhase;
			buildActionMask = 2147483647;
			files = (
				B9C45AD08462090876BA36C4 /* libPods-nextpos.a in Frameworks */,
			);
			runOnlyForDeploymentPostprocessing = 0;
		};
		2D02E4781E0B4A5D006451C7 /* Frameworks */ = {
			isa = PBXFrameworksBuildPhase;
			buildActionMask = 2147483647;
			files = (
				F65CC260C842609950215AC9 /* libPods-nextpos-tvOS.a in Frameworks */,
			);
			runOnlyForDeploymentPostprocessing = 0;
		};
		2D02E48D1E0B4A5D006451C7 /* Frameworks */ = {
			isa = PBXFrameworksBuildPhase;
			buildActionMask = 2147483647;
			files = (
				5632134C943CB31D35CAE899 /* libPods-nextpos-tvOSTests.a in Frameworks */,
			);
			runOnlyForDeploymentPostprocessing = 0;
		};
/* End PBXFrameworksBuildPhase section */

/* Begin PBXGroup section */
		00E356EF1AD99517003FC87E /* nextposTests */ = {
			isa = PBXGroup;
			children = (
				00E356F21AD99517003FC87E /* nextposTests.m */,
				00E356F01AD99517003FC87E /* Supporting Files */,
			);
			path = nextposTests;
			sourceTree = "<group>";
		};
		00E356F01AD99517003FC87E /* Supporting Files */ = {
			isa = PBXGroup;
			children = (
				00E356F11AD99517003FC87E /* Info.plist */,
			);
			name = "Supporting Files";
			sourceTree = "<group>";
		};
		13B07FAE1A68108700A75B9A /* nextpos */ = {
			isa = PBXGroup;
			children = (
				008F07F21AC5B25A0029DE68 /* main.jsbundle */,
				13B07FAF1A68108700A75B9A /* AppDelegate.h */,
				13B07FB01A68108700A75B9A /* AppDelegate.m */,
				13B07FB51A68108700A75B9A /* Images.xcassets */,
				13B07FB61A68108700A75B9A /* Info.plist */,
				13B07FB11A68108700A75B9A /* LaunchScreen.xib */,
				13B07FB71A68108700A75B9A /* main.m */,
			);
			name = nextpos;
			sourceTree = "<group>";
		};
		2D16E6871FA4F8E400B85C8A /* Frameworks */ = {
			isa = PBXGroup;
			children = (
				ED297162215061F000B7C4FE /* JavaScriptCore.framework */,
				ED2971642150620600B7C4FE /* JavaScriptCore.framework */,
				16451867235A71D782A55B82 /* libPods-nextpos.a */,
				22137086E43BF790B6BE542C /* libPods-nextpos-tvOS.a */,
				22D12DDB2367511CDFB1C922 /* libPods-nextpos-tvOSTests.a */,
				927B33710E3F911C3B56F25F /* libPods-nextposTests.a */,
			);
			name = Frameworks;
			sourceTree = "<group>";
		};
		31F1995EDEB543C4B3F84C7A /* Resources */ = {
			isa = PBXGroup;
			children = (
				A7675B7E0579424BB5B7C63A /* AntDesign.ttf */,
				3DF5CF32881F414DA781A632 /* Entypo.ttf */,
				39B656C9DBF24C1884F7D005 /* EvilIcons.ttf */,
				3F3C2A2341A94D5BBB3924A0 /* Feather.ttf */,
				A0259630AB1143378FCDCA58 /* FontAwesome.ttf */,
				D2497C755DD044DD8EE25CC4 /* FontAwesome5_Brands.ttf */,
				676962CE8FF043AF84B582B3 /* FontAwesome5_Regular.ttf */,
				74F1A06064CD4D2298647802 /* FontAwesome5_Solid.ttf */,
				D56D62ADF85F42DC9D945580 /* Fontisto.ttf */,
				8D694527FA0A446BAC514D0A /* Foundation.ttf */,
				564C1ABD6056478DAE02D7C6 /* Ionicons.ttf */,
				00649651CA6A42A68C335AC6 /* MaterialCommunityIcons.ttf */,
				263B26DAB72A46FABEA36DF8 /* MaterialIcons.ttf */,
				D01F657909614AE985226E2F /* Octicons.ttf */,
				FD9051718BEC4C0089A37919 /* Roboto_medium.ttf */,
				2F2FB276CADF47269A8698A7 /* Roboto.ttf */,
				A42B661AB8C64AE9A127D610 /* rubicon-icon-font.ttf */,
				8E02B370C9AF48868A1C33AC /* SimpleLineIcons.ttf */,
				C9ADCE1DF84341449ACA8438 /* Zocial.ttf */,
				07E19DFADF1B484CA3027BF6 /* GreatVibes-Regular.ttf */,
				7FAA2C64CC84480ABF7EBF14 /* Quicksand-Bold.ttf */,
				9C227FBC2C3749A8B933A129 /* Quicksand-Light.ttf */,
				30B9CCD0B934436C987372EF /* Quicksand-Medium.ttf */,
				9BB03D05E0FD42DEA25EC48B /* Quicksand-Regular.ttf */,
				DDA53461B3D848F0848EA8BE /* Roboto-Black.ttf */,
				E3154CEFF91F4E6A89BBBE79 /* Roboto-BlackItalic.ttf */,
				700177408D484BD584EEBF7C /* Roboto-Bold.ttf */,
				5BAD95A03ABA434B9310D514 /* Roboto-BoldItalic.ttf */,
				4666CD798213426E98B60508 /* Roboto-Italic.ttf */,
				E95A7EF2D2004231B7A8E83E /* Roboto-Light.ttf */,
				957161DE7EF04E17AC5A55A1 /* Roboto-LightItalic.ttf */,
				C40C07AA06F04D5EAAEEE762 /* Roboto-Medium.ttf */,
				5DF155C9529949BE989A19B7 /* Roboto-MediumItalic.ttf */,
				8AF65C5504A14AC3928BBF9C /* Roboto-Regular.ttf */,
				A39EEBD9368945A1A2AED7C0 /* Roboto-Thin.ttf */,
				92072F770C0444669CFDF9A8 /* Roboto-ThinItalic.ttf */,
				6C11B0D7CE8B41BFB748EFD4 /* SF-Compact-Text-Semibold.otf */,
				5BE7EB22C4ED4CAAA29D8871 /* SF-UI-Display-Regular.otf */,
				9854FDCD90754BB0A71EA80A /* SF-UI-Display-Ultralight.otf */,
				7A80F9F5890A4E00A8FC4AF0 /* SF-UI-Text-Regular.otf */,
				F5F55AB252EC471FBB3B0F8A /* sofiapro-light.otf */,
			);
			name = Resources;
			sourceTree = "<group>";
		};
		7281FD800BE33387C3489D17 /* Pods */ = {
			isa = PBXGroup;
			children = (
				130C877A436ECDDAC076E9F8 /* Pods-nextpos.debug.xcconfig */,
				DF0E2D2CD00254104390755A /* Pods-nextpos.release.xcconfig */,
				9B1B492CF9171403617A7CE2 /* Pods-nextpos-tvOS.debug.xcconfig */,
				D971077E1C4D5C1F6F432FEF /* Pods-nextpos-tvOS.release.xcconfig */,
				AC59A6C982B0D863174E3FA2 /* Pods-nextpos-tvOSTests.debug.xcconfig */,
				4ECA2049DD9BD8F077BE2D99 /* Pods-nextpos-tvOSTests.release.xcconfig */,
				ECA636349C2EBE1C9A2F3DA9 /* Pods-nextposTests.debug.xcconfig */,
				CB05964877FA6124D301CFDB /* Pods-nextposTests.release.xcconfig */,
			);
			path = Pods;
			sourceTree = "<group>";
		};
		832341AE1AAA6A7D00B99B32 /* Libraries */ = {
			isa = PBXGroup;
			children = (
			);
			name = Libraries;
			sourceTree = "<group>";
		};
		83CBB9F61A601CBA00E9B192 = {
			isa = PBXGroup;
			children = (
				15668D7D2534898C005B62BD /* lottie.swift */,
				13B07FAE1A68108700A75B9A /* nextpos */,
				832341AE1AAA6A7D00B99B32 /* Libraries */,
				00E356EF1AD99517003FC87E /* nextposTests */,
				83CBBA001A601CBA00E9B192 /* Products */,
				2D16E6871FA4F8E400B85C8A /* Frameworks */,
				7281FD800BE33387C3489D17 /* Pods */,
				31F1995EDEB543C4B3F84C7A /* Resources */,
				15668D7C2534898C005B62BD /* nextpos-Bridging-Header.h */,
			);
			indentWidth = 2;
			sourceTree = "<group>";
			tabWidth = 2;
			usesTabs = 0;
		};
		83CBBA001A601CBA00E9B192 /* Products */ = {
			isa = PBXGroup;
			children = (
				13B07F961A680F5B00A75B9A /* nextpos.app */,
				00E356EE1AD99517003FC87E /* nextposTests.xctest */,
				2D02E47B1E0B4A5D006451C7 /* nextpos-tvOS.app */,
				2D02E4901E0B4A5D006451C7 /* nextpos-tvOSTests.xctest */,
			);
			name = Products;
			sourceTree = "<group>";
		};
/* End PBXGroup section */

/* Begin PBXNativeTarget section */
		00E356ED1AD99517003FC87E /* nextposTests */ = {
			isa = PBXNativeTarget;
			buildConfigurationList = 00E357021AD99517003FC87E /* Build configuration list for PBXNativeTarget "nextposTests" */;
			buildPhases = (
				5E3102809BBC735E3F001C27 /* [CP] Check Pods Manifest.lock */,
				00E356EA1AD99517003FC87E /* Sources */,
				00E356EB1AD99517003FC87E /* Frameworks */,
				00E356EC1AD99517003FC87E /* Resources */,
			);
			buildRules = (
			);
			dependencies = (
				00E356F51AD99517003FC87E /* PBXTargetDependency */,
			);
			name = nextposTests;
			productName = nextposTests;
			productReference = 00E356EE1AD99517003FC87E /* nextposTests.xctest */;
			productType = "com.apple.product-type.bundle.unit-test";
		};
		13B07F861A680F5B00A75B9A /* nextpos */ = {
			isa = PBXNativeTarget;
			buildConfigurationList = 13B07F931A680F5B00A75B9A /* Build configuration list for PBXNativeTarget "nextpos" */;
			buildPhases = (
				F277E1494AAEF8CB9AB1D764 /* [CP] Check Pods Manifest.lock */,
				FD10A7F022414F080027D42C /* Start Packager */,
				13B07F871A680F5B00A75B9A /* Sources */,
				13B07F8C1A680F5B00A75B9A /* Frameworks */,
				13B07F8E1A680F5B00A75B9A /* Resources */,
				00DD1BFF1BD5951E006B06BC /* Bundle React Native code and images */,
				7F88E16B750345F78CF0E20F /* [CP] Copy Pods Resources */,
			);
			buildRules = (
			);
			dependencies = (
			);
			name = nextpos;
			productName = nextpos;
			productReference = 13B07F961A680F5B00A75B9A /* nextpos.app */;
			productType = "com.apple.product-type.application";
		};
		2D02E47A1E0B4A5D006451C7 /* nextpos-tvOS */ = {
			isa = PBXNativeTarget;
			buildConfigurationList = 2D02E4BA1E0B4A5E006451C7 /* Build configuration list for PBXNativeTarget "nextpos-tvOS" */;
			buildPhases = (
				645F5693BC24630D3071C32D /* [CP] Check Pods Manifest.lock */,
				FD10A7F122414F3F0027D42C /* Start Packager */,
				2D02E4771E0B4A5D006451C7 /* Sources */,
				2D02E4781E0B4A5D006451C7 /* Frameworks */,
				2D02E4791E0B4A5D006451C7 /* Resources */,
				2D02E4CB1E0B4B27006451C7 /* Bundle React Native Code And Images */,
			);
			buildRules = (
			);
			dependencies = (
			);
			name = "nextpos-tvOS";
			productName = "nextpos-tvOS";
			productReference = 2D02E47B1E0B4A5D006451C7 /* nextpos-tvOS.app */;
			productType = "com.apple.product-type.application";
		};
		2D02E48F1E0B4A5D006451C7 /* nextpos-tvOSTests */ = {
			isa = PBXNativeTarget;
			buildConfigurationList = 2D02E4BB1E0B4A5E006451C7 /* Build configuration list for PBXNativeTarget "nextpos-tvOSTests" */;
			buildPhases = (
				5C1FF79D595336CB9E5945B7 /* [CP] Check Pods Manifest.lock */,
				2D02E48C1E0B4A5D006451C7 /* Sources */,
				2D02E48D1E0B4A5D006451C7 /* Frameworks */,
				2D02E48E1E0B4A5D006451C7 /* Resources */,
			);
			buildRules = (
			);
			dependencies = (
				2D02E4921E0B4A5D006451C7 /* PBXTargetDependency */,
			);
			name = "nextpos-tvOSTests";
			productName = "nextpos-tvOSTests";
			productReference = 2D02E4901E0B4A5D006451C7 /* nextpos-tvOSTests.xctest */;
			productType = "com.apple.product-type.bundle.unit-test";
		};
/* End PBXNativeTarget section */

/* Begin PBXProject section */
		83CBB9F71A601CBA00E9B192 /* Project object */ = {
			isa = PBXProject;
			attributes = {
				LastUpgradeCheck = 940;
				ORGANIZATIONNAME = Facebook;
				TargetAttributes = {
					00E356ED1AD99517003FC87E = {
						CreatedOnToolsVersion = 6.2;
						TestTargetID = 13B07F861A680F5B00A75B9A;
					};
					13B07F861A680F5B00A75B9A = {
						LastSwiftMigration = 1160;
					};
					2D02E47A1E0B4A5D006451C7 = {
						CreatedOnToolsVersion = 8.2.1;
						ProvisioningStyle = Automatic;
					};
					2D02E48F1E0B4A5D006451C7 = {
						CreatedOnToolsVersion = 8.2.1;
						ProvisioningStyle = Automatic;
						TestTargetID = 2D02E47A1E0B4A5D006451C7;
					};
				};
			};
			buildConfigurationList = 83CBB9FA1A601CBA00E9B192 /* Build configuration list for PBXProject "nextpos" */;
			compatibilityVersion = "Xcode 3.2";
			developmentRegion = English;
			hasScannedForEncodings = 0;
			knownRegions = (
				English,
				en,
				Base,
			);
			mainGroup = 83CBB9F61A601CBA00E9B192;
			productRefGroup = 83CBBA001A601CBA00E9B192 /* Products */;
			projectDirPath = "";
			projectRoot = "";
			targets = (
				13B07F861A680F5B00A75B9A /* nextpos */,
				00E356ED1AD99517003FC87E /* nextposTests */,
				2D02E47A1E0B4A5D006451C7 /* nextpos-tvOS */,
				2D02E48F1E0B4A5D006451C7 /* nextpos-tvOSTests */,
			);
		};
/* End PBXProject section */

/* Begin PBXResourcesBuildPhase section */
		00E356EC1AD99517003FC87E /* Resources */ = {
			isa = PBXResourcesBuildPhase;
			buildActionMask = 2147483647;
			files = (
			);
			runOnlyForDeploymentPostprocessing = 0;
		};
		13B07F8E1A680F5B00A75B9A /* Resources */ = {
			isa = PBXResourcesBuildPhase;
			buildActionMask = 2147483647;
			files = (
				13B07FBF1A68108700A75B9A /* Images.xcassets in Resources */,
				13B07FBD1A68108700A75B9A /* LaunchScreen.xib in Resources */,
				7E2FDE302750481790B6CCCF /* AntDesign.ttf in Resources */,
				384F3F280D814E9492022FC3 /* Entypo.ttf in Resources */,
				F2E8DF0405AA4E198B6B43A3 /* EvilIcons.ttf in Resources */,
				4B785107C3494E2FB604761F /* Feather.ttf in Resources */,
				823AB20DA0DB4088AE62A517 /* FontAwesome.ttf in Resources */,
				D024C612DB32447AB416F2F2 /* FontAwesome5_Brands.ttf in Resources */,
				D7ACA797F7E94A02846E5CC8 /* FontAwesome5_Regular.ttf in Resources */,
				BB749248B8F44206A835F2DE /* FontAwesome5_Solid.ttf in Resources */,
				309614A143094AF196160313 /* Fontisto.ttf in Resources */,
				7DAB2CD2420D4FB9A4797F9F /* Foundation.ttf in Resources */,
				4E91F6B4A7584897A3596520 /* Ionicons.ttf in Resources */,
				0B7678D01D4B473C8D36924D /* MaterialCommunityIcons.ttf in Resources */,
				1C98D796F44C47EBB411498E /* MaterialIcons.ttf in Resources */,
				2089B552B05A46B89FB33573 /* Octicons.ttf in Resources */,
				04962F93E81A476995A6BD88 /* Roboto_medium.ttf in Resources */,
				02183F6188F840F7964877CD /* Roboto.ttf in Resources */,
				81B4B65EC8C04FBC8AECA766 /* rubicon-icon-font.ttf in Resources */,
				44C7F9BB9C5643E49A5DD5AA /* SimpleLineIcons.ttf in Resources */,
				CD40715F05DA49B592CBE070 /* Zocial.ttf in Resources */,
				A7F90934FCE74936BB9E4FBF /* GreatVibes-Regular.ttf in Resources */,
				1B521C4729174881B1AE4CA3 /* Quicksand-Bold.ttf in Resources */,
				FEE14494456A4414BC394E99 /* Quicksand-Light.ttf in Resources */,
				260EE5643C2044B1ABE823ED /* Quicksand-Medium.ttf in Resources */,
				1E9CB1870C64485783177090 /* Quicksand-Regular.ttf in Resources */,
				9B9587E6373E46CBB38BBD64 /* Roboto-Black.ttf in Resources */,
				A0F208725E9342539874A648 /* Roboto-BlackItalic.ttf in Resources */,
				EABD8F344F0946EE8C23F653 /* Roboto-Bold.ttf in Resources */,
				1C82585E4A5B44CA918D1D3F /* Roboto-BoldItalic.ttf in Resources */,
				7BB2344ED09D4EB79BEDFD26 /* Roboto-Italic.ttf in Resources */,
				30715E55CDE241B19F0C7CE6 /* Roboto-Light.ttf in Resources */,
				C3511F821D6247A5B29C048F /* Roboto-LightItalic.ttf in Resources */,
				1F6086E0AF594726BB88F4DB /* Roboto-Medium.ttf in Resources */,
				5E0D9889509C4C7EA5AF3F52 /* Roboto-MediumItalic.ttf in Resources */,
				03E0AFDF6F2142898581B679 /* Roboto-Regular.ttf in Resources */,
				15EB7A025AA94EB9A26AF9F5 /* Roboto-Thin.ttf in Resources */,
				9D5B2C54BD1041EE9A4FE7D4 /* Roboto-ThinItalic.ttf in Resources */,
				259925A8BC8342D9B92E7A2C /* SF-Compact-Text-Semibold.otf in Resources */,
				9E748DF757124AFF89562543 /* SF-UI-Display-Regular.otf in Resources */,
				FC66C8419848413CAC093B38 /* SF-UI-Display-Ultralight.otf in Resources */,
				21EC02420C4B437CACB56F83 /* SF-UI-Text-Regular.otf in Resources */,
				75DB9C0D65D046F7960AE1EA /* sofiapro-light.otf in Resources */,
			);
			runOnlyForDeploymentPostprocessing = 0;
		};
		2D02E4791E0B4A5D006451C7 /* Resources */ = {
			isa = PBXResourcesBuildPhase;
			buildActionMask = 2147483647;
			files = (
				2D02E4BD1E0B4A84006451C7 /* Images.xcassets in Resources */,
			);
			runOnlyForDeploymentPostprocessing = 0;
		};
		2D02E48E1E0B4A5D006451C7 /* Resources */ = {
			isa = PBXResourcesBuildPhase;
			buildActionMask = 2147483647;
			files = (
			);
			runOnlyForDeploymentPostprocessing = 0;
		};
/* End PBXResourcesBuildPhase section */

/* Begin PBXShellScriptBuildPhase section */
		00DD1BFF1BD5951E006B06BC /* Bundle React Native code and images */ = {
			isa = PBXShellScriptBuildPhase;
			buildActionMask = 2147483647;
			files = (
			);
			inputPaths = (
			);
			name = "Bundle React Native code and images";
			outputPaths = (
			);
			runOnlyForDeploymentPostprocessing = 0;
			shellPath = /bin/sh;
			shellScript = "export NODE_BINARY=node\n../node_modules/react-native/scripts/react-native-xcode.sh";
		};
		2D02E4CB1E0B4B27006451C7 /* Bundle React Native Code And Images */ = {
			isa = PBXShellScriptBuildPhase;
			buildActionMask = 2147483647;
			files = (
			);
			inputPaths = (
			);
			name = "Bundle React Native Code And Images";
			outputPaths = (
			);
			runOnlyForDeploymentPostprocessing = 0;
			shellPath = /bin/sh;
			shellScript = "export NODE_BINARY=node\n../node_modules/react-native/scripts/react-native-xcode.sh";
		};
		5C1FF79D595336CB9E5945B7 /* [CP] Check Pods Manifest.lock */ = {
			isa = PBXShellScriptBuildPhase;
			buildActionMask = 2147483647;
			files = (
			);
			inputFileListPaths = (
			);
			inputPaths = (
				"${PODS_PODFILE_DIR_PATH}/Podfile.lock",
				"${PODS_ROOT}/Manifest.lock",
			);
			name = "[CP] Check Pods Manifest.lock";
			outputFileListPaths = (
			);
			outputPaths = (
				"$(DERIVED_FILE_DIR)/Pods-nextpos-tvOSTests-checkManifestLockResult.txt",
			);
			runOnlyForDeploymentPostprocessing = 0;
			shellPath = /bin/sh;
			shellScript = "diff \"${PODS_PODFILE_DIR_PATH}/Podfile.lock\" \"${PODS_ROOT}/Manifest.lock\" > /dev/null\nif [ $? != 0 ] ; then\n    # print error to STDERR\n    echo \"error: The sandbox is not in sync with the Podfile.lock. Run 'pod install' or update your CocoaPods installation.\" >&2\n    exit 1\nfi\n# This output is used by Xcode 'outputs' to avoid re-running this script phase.\necho \"SUCCESS\" > \"${SCRIPT_OUTPUT_FILE_0}\"\n";
			showEnvVarsInLog = 0;
		};
		5E3102809BBC735E3F001C27 /* [CP] Check Pods Manifest.lock */ = {
			isa = PBXShellScriptBuildPhase;
			buildActionMask = 2147483647;
			files = (
			);
			inputFileListPaths = (
			);
			inputPaths = (
				"${PODS_PODFILE_DIR_PATH}/Podfile.lock",
				"${PODS_ROOT}/Manifest.lock",
			);
			name = "[CP] Check Pods Manifest.lock";
			outputFileListPaths = (
			);
			outputPaths = (
				"$(DERIVED_FILE_DIR)/Pods-nextposTests-checkManifestLockResult.txt",
			);
			runOnlyForDeploymentPostprocessing = 0;
			shellPath = /bin/sh;
			shellScript = "diff \"${PODS_PODFILE_DIR_PATH}/Podfile.lock\" \"${PODS_ROOT}/Manifest.lock\" > /dev/null\nif [ $? != 0 ] ; then\n    # print error to STDERR\n    echo \"error: The sandbox is not in sync with the Podfile.lock. Run 'pod install' or update your CocoaPods installation.\" >&2\n    exit 1\nfi\n# This output is used by Xcode 'outputs' to avoid re-running this script phase.\necho \"SUCCESS\" > \"${SCRIPT_OUTPUT_FILE_0}\"\n";
			showEnvVarsInLog = 0;
		};
		645F5693BC24630D3071C32D /* [CP] Check Pods Manifest.lock */ = {
			isa = PBXShellScriptBuildPhase;
			buildActionMask = 2147483647;
			files = (
			);
			inputFileListPaths = (
			);
			inputPaths = (
				"${PODS_PODFILE_DIR_PATH}/Podfile.lock",
				"${PODS_ROOT}/Manifest.lock",
			);
			name = "[CP] Check Pods Manifest.lock";
			outputFileListPaths = (
			);
			outputPaths = (
				"$(DERIVED_FILE_DIR)/Pods-nextpos-tvOS-checkManifestLockResult.txt",
			);
			runOnlyForDeploymentPostprocessing = 0;
			shellPath = /bin/sh;
			shellScript = "diff \"${PODS_PODFILE_DIR_PATH}/Podfile.lock\" \"${PODS_ROOT}/Manifest.lock\" > /dev/null\nif [ $? != 0 ] ; then\n    # print error to STDERR\n    echo \"error: The sandbox is not in sync with the Podfile.lock. Run 'pod install' or update your CocoaPods installation.\" >&2\n    exit 1\nfi\n# This output is used by Xcode 'outputs' to avoid re-running this script phase.\necho \"SUCCESS\" > \"${SCRIPT_OUTPUT_FILE_0}\"\n";
			showEnvVarsInLog = 0;
		};
		7F88E16B750345F78CF0E20F /* [CP] Copy Pods Resources */ = {
			isa = PBXShellScriptBuildPhase;
			buildActionMask = 2147483647;
			files = (
			);
			inputPaths = (
				"${PODS_ROOT}/Target Support Files/Pods-nextpos/Pods-nextpos-resources.sh",
				"${PODS_ROOT}/../../node_modules/react-native-vector-icons/Fonts/AntDesign.ttf",
				"${PODS_ROOT}/../../node_modules/react-native-vector-icons/Fonts/Entypo.ttf",
				"${PODS_ROOT}/../../node_modules/react-native-vector-icons/Fonts/EvilIcons.ttf",
				"${PODS_ROOT}/../../node_modules/react-native-vector-icons/Fonts/Feather.ttf",
				"${PODS_ROOT}/../../node_modules/react-native-vector-icons/Fonts/FontAwesome.ttf",
				"${PODS_ROOT}/../../node_modules/react-native-vector-icons/Fonts/FontAwesome5_Brands.ttf",
				"${PODS_ROOT}/../../node_modules/react-native-vector-icons/Fonts/FontAwesome5_Regular.ttf",
				"${PODS_ROOT}/../../node_modules/react-native-vector-icons/Fonts/FontAwesome5_Solid.ttf",
				"${PODS_ROOT}/../../node_modules/react-native-vector-icons/Fonts/Fontisto.ttf",
				"${PODS_ROOT}/../../node_modules/react-native-vector-icons/Fonts/Foundation.ttf",
				"${PODS_ROOT}/../../node_modules/react-native-vector-icons/Fonts/Ionicons.ttf",
				"${PODS_ROOT}/../../node_modules/react-native-vector-icons/Fonts/MaterialCommunityIcons.ttf",
				"${PODS_ROOT}/../../node_modules/react-native-vector-icons/Fonts/MaterialIcons.ttf",
				"${PODS_ROOT}/../../node_modules/react-native-vector-icons/Fonts/Octicons.ttf",
				"${PODS_ROOT}/../../node_modules/react-native-vector-icons/Fonts/SimpleLineIcons.ttf",
				"${PODS_ROOT}/../../node_modules/react-native-vector-icons/Fonts/Zocial.ttf",
			);
			name = "[CP] Copy Pods Resources";
			outputPaths = (
				"${TARGET_BUILD_DIR}/${UNLOCALIZED_RESOURCES_FOLDER_PATH}/AntDesign.ttf",
				"${TARGET_BUILD_DIR}/${UNLOCALIZED_RESOURCES_FOLDER_PATH}/Entypo.ttf",
				"${TARGET_BUILD_DIR}/${UNLOCALIZED_RESOURCES_FOLDER_PATH}/EvilIcons.ttf",
				"${TARGET_BUILD_DIR}/${UNLOCALIZED_RESOURCES_FOLDER_PATH}/Feather.ttf",
				"${TARGET_BUILD_DIR}/${UNLOCALIZED_RESOURCES_FOLDER_PATH}/FontAwesome.ttf",
				"${TARGET_BUILD_DIR}/${UNLOCALIZED_RESOURCES_FOLDER_PATH}/FontAwesome5_Brands.ttf",
				"${TARGET_BUILD_DIR}/${UNLOCALIZED_RESOURCES_FOLDER_PATH}/FontAwesome5_Regular.ttf",
				"${TARGET_BUILD_DIR}/${UNLOCALIZED_RESOURCES_FOLDER_PATH}/FontAwesome5_Solid.ttf",
				"${TARGET_BUILD_DIR}/${UNLOCALIZED_RESOURCES_FOLDER_PATH}/Fontisto.ttf",
				"${TARGET_BUILD_DIR}/${UNLOCALIZED_RESOURCES_FOLDER_PATH}/Foundation.ttf",
				"${TARGET_BUILD_DIR}/${UNLOCALIZED_RESOURCES_FOLDER_PATH}/Ionicons.ttf",
				"${TARGET_BUILD_DIR}/${UNLOCALIZED_RESOURCES_FOLDER_PATH}/MaterialCommunityIcons.ttf",
				"${TARGET_BUILD_DIR}/${UNLOCALIZED_RESOURCES_FOLDER_PATH}/MaterialIcons.ttf",
				"${TARGET_BUILD_DIR}/${UNLOCALIZED_RESOURCES_FOLDER_PATH}/Octicons.ttf",
				"${TARGET_BUILD_DIR}/${UNLOCALIZED_RESOURCES_FOLDER_PATH}/SimpleLineIcons.ttf",
				"${TARGET_BUILD_DIR}/${UNLOCALIZED_RESOURCES_FOLDER_PATH}/Zocial.ttf",
			);
			runOnlyForDeploymentPostprocessing = 0;
			shellPath = /bin/sh;
			shellScript = "\"${PODS_ROOT}/Target Support Files/Pods-nextpos/Pods-nextpos-resources.sh\"\n";
			showEnvVarsInLog = 0;
		};
		F277E1494AAEF8CB9AB1D764 /* [CP] Check Pods Manifest.lock */ = {
			isa = PBXShellScriptBuildPhase;
			buildActionMask = 2147483647;
			files = (
			);
			inputFileListPaths = (
			);
			inputPaths = (
				"${PODS_PODFILE_DIR_PATH}/Podfile.lock",
				"${PODS_ROOT}/Manifest.lock",
			);
			name = "[CP] Check Pods Manifest.lock";
			outputFileListPaths = (
			);
			outputPaths = (
				"$(DERIVED_FILE_DIR)/Pods-nextpos-checkManifestLockResult.txt",
			);
			runOnlyForDeploymentPostprocessing = 0;
			shellPath = /bin/sh;
			shellScript = "diff \"${PODS_PODFILE_DIR_PATH}/Podfile.lock\" \"${PODS_ROOT}/Manifest.lock\" > /dev/null\nif [ $? != 0 ] ; then\n    # print error to STDERR\n    echo \"error: The sandbox is not in sync with the Podfile.lock. Run 'pod install' or update your CocoaPods installation.\" >&2\n    exit 1\nfi\n# This output is used by Xcode 'outputs' to avoid re-running this script phase.\necho \"SUCCESS\" > \"${SCRIPT_OUTPUT_FILE_0}\"\n";
			showEnvVarsInLog = 0;
		};
		FD10A7F022414F080027D42C /* Start Packager */ = {
			isa = PBXShellScriptBuildPhase;
			buildActionMask = 2147483647;
			files = (
			);
			inputFileListPaths = (
			);
			inputPaths = (
			);
			name = "Start Packager";
			outputFileListPaths = (
			);
			outputPaths = (
			);
			runOnlyForDeploymentPostprocessing = 0;
			shellPath = /bin/sh;
			shellScript = "export RCT_METRO_PORT=\"${RCT_METRO_PORT:=8081}\"\necho \"export RCT_METRO_PORT=${RCT_METRO_PORT}\" > \"${SRCROOT}/../node_modules/react-native/scripts/.packager.env\"\nif [ -z \"${RCT_NO_LAUNCH_PACKAGER+xxx}\" ] ; then\n  if nc -w 5 -z localhost ${RCT_METRO_PORT} ; then\n    if ! curl -s \"http://localhost:${RCT_METRO_PORT}/status\" | grep -q \"packager-status:running\" ; then\n      echo \"Port ${RCT_METRO_PORT} already in use, packager is either not running or not running correctly\"\n      exit 2\n    fi\n  else\n    open \"$SRCROOT/../node_modules/react-native/scripts/launchPackager.command\" || echo \"Can't start packager automatically\"\n  fi\nfi\n";
			showEnvVarsInLog = 0;
		};
		FD10A7F122414F3F0027D42C /* Start Packager */ = {
			isa = PBXShellScriptBuildPhase;
			buildActionMask = 2147483647;
			files = (
			);
			inputFileListPaths = (
			);
			inputPaths = (
			);
			name = "Start Packager";
			outputFileListPaths = (
			);
			outputPaths = (
			);
			runOnlyForDeploymentPostprocessing = 0;
			shellPath = /bin/sh;
			shellScript = "export RCT_METRO_PORT=\"${RCT_METRO_PORT:=8081}\"\necho \"export RCT_METRO_PORT=${RCT_METRO_PORT}\" > \"${SRCROOT}/../node_modules/react-native/scripts/.packager.env\"\nif [ -z \"${RCT_NO_LAUNCH_PACKAGER+xxx}\" ] ; then\n  if nc -w 5 -z localhost ${RCT_METRO_PORT} ; then\n    if ! curl -s \"http://localhost:${RCT_METRO_PORT}/status\" | grep -q \"packager-status:running\" ; then\n      echo \"Port ${RCT_METRO_PORT} already in use, packager is either not running or not running correctly\"\n      exit 2\n    fi\n  else\n    open \"$SRCROOT/../node_modules/react-native/scripts/launchPackager.command\" || echo \"Can't start packager automatically\"\n  fi\nfi\n";
			showEnvVarsInLog = 0;
		};
/* End PBXShellScriptBuildPhase section */

/* Begin PBXSourcesBuildPhase section */
		00E356EA1AD99517003FC87E /* Sources */ = {
			isa = PBXSourcesBuildPhase;
			buildActionMask = 2147483647;
			files = (
				00E356F31AD99517003FC87E /* nextposTests.m in Sources */,
			);
			runOnlyForDeploymentPostprocessing = 0;
		};
		13B07F871A680F5B00A75B9A /* Sources */ = {
			isa = PBXSourcesBuildPhase;
			buildActionMask = 2147483647;
			files = (
				13B07FBC1A68108700A75B9A /* AppDelegate.m in Sources */,
				13B07FC11A68108700A75B9A /* main.m in Sources */,
				15668D7E2534898C005B62BD /* lottie.swift in Sources */,
			);
			runOnlyForDeploymentPostprocessing = 0;
		};
		2D02E4771E0B4A5D006451C7 /* Sources */ = {
			isa = PBXSourcesBuildPhase;
			buildActionMask = 2147483647;
			files = (
				2D02E4BF1E0B4AB3006451C7 /* main.m in Sources */,
				2D02E4BC1E0B4A80006451C7 /* AppDelegate.m in Sources */,
			);
			runOnlyForDeploymentPostprocessing = 0;
		};
		2D02E48C1E0B4A5D006451C7 /* Sources */ = {
			isa = PBXSourcesBuildPhase;
			buildActionMask = 2147483647;
			files = (
				2DCD954D1E0B4F2C00145EB5 /* nextposTests.m in Sources */,
			);
			runOnlyForDeploymentPostprocessing = 0;
		};
/* End PBXSourcesBuildPhase section */

/* Begin PBXTargetDependency section */
		00E356F51AD99517003FC87E /* PBXTargetDependency */ = {
			isa = PBXTargetDependency;
			target = 13B07F861A680F5B00A75B9A /* nextpos */;
			targetProxy = 00E356F41AD99517003FC87E /* PBXContainerItemProxy */;
		};
		2D02E4921E0B4A5D006451C7 /* PBXTargetDependency */ = {
			isa = PBXTargetDependency;
			target = 2D02E47A1E0B4A5D006451C7 /* nextpos-tvOS */;
			targetProxy = 2D02E4911E0B4A5D006451C7 /* PBXContainerItemProxy */;
		};
/* End PBXTargetDependency section */

/* Begin PBXVariantGroup section */
		13B07FB11A68108700A75B9A /* LaunchScreen.xib */ = {
			isa = PBXVariantGroup;
			children = (
				13B07FB21A68108700A75B9A /* Base */,
			);
			name = LaunchScreen.xib;
			path = nextpos;
			sourceTree = "<group>";
		};
/* End PBXVariantGroup section */

/* Begin XCBuildConfiguration section */
		00E356F61AD99517003FC87E /* Debug */ = {
			isa = XCBuildConfiguration;
			baseConfigurationReference = ECA636349C2EBE1C9A2F3DA9 /* Pods-nextposTests.debug.xcconfig */;
			buildSettings = {
				ALWAYS_EMBED_SWIFT_STANDARD_LIBRARIES = YES;
				BUNDLE_LOADER = "$(TEST_HOST)";
				GCC_PREPROCESSOR_DEFINITIONS = (
					"DEBUG=1",
					"$(inherited)",
				);
				INFOPLIST_FILE = nextposTests/Info.plist;
				IPHONEOS_DEPLOYMENT_TARGET = 9.0;
				LD_RUNPATH_SEARCH_PATHS = "$(inherited) @executable_path/Frameworks @loader_path/Frameworks";
				OTHER_LDFLAGS = (
					"-ObjC",
					"-lc++",
					"$(inherited)",
				);
				PRODUCT_BUNDLE_IDENTIFIER = "org.reactjs.native.example.$(PRODUCT_NAME:rfc1034identifier)";
				PRODUCT_NAME = "$(TARGET_NAME)";
				TEST_HOST = "$(BUILT_PRODUCTS_DIR)/nextpos.app/nextpos";
			};
			name = Debug;
		};
		00E356F71AD99517003FC87E /* Release */ = {
			isa = XCBuildConfiguration;
			baseConfigurationReference = CB05964877FA6124D301CFDB /* Pods-nextposTests.release.xcconfig */;
			buildSettings = {
				ALWAYS_EMBED_SWIFT_STANDARD_LIBRARIES = YES;
				BUNDLE_LOADER = "$(TEST_HOST)";
				COPY_PHASE_STRIP = NO;
				INFOPLIST_FILE = nextposTests/Info.plist;
				IPHONEOS_DEPLOYMENT_TARGET = 9.0;
				LD_RUNPATH_SEARCH_PATHS = "$(inherited) @executable_path/Frameworks @loader_path/Frameworks";
				OTHER_LDFLAGS = (
					"-ObjC",
					"-lc++",
					"$(inherited)",
				);
				PRODUCT_BUNDLE_IDENTIFIER = "org.reactjs.native.example.$(PRODUCT_NAME:rfc1034identifier)";
				PRODUCT_NAME = "$(TARGET_NAME)";
				TEST_HOST = "$(BUILT_PRODUCTS_DIR)/nextpos.app/nextpos";
			};
			name = Release;
		};
		13B07F941A680F5B00A75B9A /* Debug */ = {
			isa = XCBuildConfiguration;
			baseConfigurationReference = 130C877A436ECDDAC076E9F8 /* Pods-nextpos.debug.xcconfig */;
			buildSettings = {
				ASSETCATALOG_COMPILER_APPICON_NAME = AppIcon;
				CLANG_ENABLE_MODULES = YES;
				CURRENT_PROJECT_VERSION = 1;
				DEAD_CODE_STRIPPING = NO;
				INFOPLIST_FILE = nextpos/Info.plist;
				LD_RUNPATH_SEARCH_PATHS = "$(inherited) @executable_path/Frameworks";
				OTHER_LDFLAGS = (
					"$(inherited)",
					"-ObjC",
					"-lc++",
				);
				PRODUCT_BUNDLE_IDENTIFIER = "org.reactjs.native.example.$(PRODUCT_NAME:rfc1034identifier)";
				PRODUCT_NAME = nextpos;
				SWIFT_OBJC_BRIDGING_HEADER = "nextpos-Bridging-Header.h";
				SWIFT_OPTIMIZATION_LEVEL = "-Onone";
				SWIFT_VERSION = 5.0;
				TARGETED_DEVICE_FAMILY = "1,2";
				VERSIONING_SYSTEM = "apple-generic";
			};
			name = Debug;
		};
		13B07F951A680F5B00A75B9A /* Release */ = {
			isa = XCBuildConfiguration;
			baseConfigurationReference = DF0E2D2CD00254104390755A /* Pods-nextpos.release.xcconfig */;
			buildSettings = {
				ASSETCATALOG_COMPILER_APPICON_NAME = AppIcon;
				CLANG_ENABLE_MODULES = YES;
				CURRENT_PROJECT_VERSION = 1;
				INFOPLIST_FILE = nextpos/Info.plist;
				LD_RUNPATH_SEARCH_PATHS = "$(inherited) @executable_path/Frameworks";
				OTHER_LDFLAGS = (
					"$(inherited)",
					"-ObjC",
					"-lc++",
				);
				PRODUCT_BUNDLE_IDENTIFIER = "org.reactjs.native.example.$(PRODUCT_NAME:rfc1034identifier)";
				PRODUCT_NAME = nextpos;
				SWIFT_OBJC_BRIDGING_HEADER = "nextpos-Bridging-Header.h";
				SWIFT_VERSION = 5.0;
				TARGETED_DEVICE_FAMILY = "1,2";
				VERSIONING_SYSTEM = "apple-generic";
			};
			name = Release;
		};
		2D02E4971E0B4A5E006451C7 /* Debug */ = {
			isa = XCBuildConfiguration;
			baseConfigurationReference = 9B1B492CF9171403617A7CE2 /* Pods-nextpos-tvOS.debug.xcconfig */;
			buildSettings = {
				ASSETCATALOG_COMPILER_APPICON_NAME = "App Icon & Top Shelf Image";
				ASSETCATALOG_COMPILER_LAUNCHIMAGE_NAME = LaunchImage;
				CLANG_ANALYZER_NONNULL = YES;
				CLANG_WARN_DOCUMENTATION_COMMENTS = YES;
				CLANG_WARN_INFINITE_RECURSION = YES;
				CLANG_WARN_SUSPICIOUS_MOVE = YES;
				DEBUG_INFORMATION_FORMAT = dwarf;
				ENABLE_TESTABILITY = YES;
				GCC_NO_COMMON_BLOCKS = YES;
				INFOPLIST_FILE = "nextpos-tvOS/Info.plist";
				LD_RUNPATH_SEARCH_PATHS = "$(inherited) @executable_path/Frameworks";
				OTHER_LDFLAGS = (
					"$(inherited)",
					"-ObjC",
					"-lc++",
				);
				PRODUCT_BUNDLE_IDENTIFIER = "com.facebook.REACT.nextpos-tvOS";
				PRODUCT_NAME = "$(TARGET_NAME)";
				SDKROOT = appletvos;
				TARGETED_DEVICE_FAMILY = 3;
				TVOS_DEPLOYMENT_TARGET = 9.2;
			};
			name = Debug;
		};
		2D02E4981E0B4A5E006451C7 /* Release */ = {
			isa = XCBuildConfiguration;
			baseConfigurationReference = D971077E1C4D5C1F6F432FEF /* Pods-nextpos-tvOS.release.xcconfig */;
			buildSettings = {
				ASSETCATALOG_COMPILER_APPICON_NAME = "App Icon & Top Shelf Image";
				ASSETCATALOG_COMPILER_LAUNCHIMAGE_NAME = LaunchImage;
				CLANG_ANALYZER_NONNULL = YES;
				CLANG_WARN_DOCUMENTATION_COMMENTS = YES;
				CLANG_WARN_INFINITE_RECURSION = YES;
				CLANG_WARN_SUSPICIOUS_MOVE = YES;
				COPY_PHASE_STRIP = NO;
				DEBUG_INFORMATION_FORMAT = "dwarf-with-dsym";
				GCC_NO_COMMON_BLOCKS = YES;
				INFOPLIST_FILE = "nextpos-tvOS/Info.plist";
				LD_RUNPATH_SEARCH_PATHS = "$(inherited) @executable_path/Frameworks";
				OTHER_LDFLAGS = (
					"$(inherited)",
					"-ObjC",
					"-lc++",
				);
				PRODUCT_BUNDLE_IDENTIFIER = "com.facebook.REACT.nextpos-tvOS";
				PRODUCT_NAME = "$(TARGET_NAME)";
				SDKROOT = appletvos;
				TARGETED_DEVICE_FAMILY = 3;
				TVOS_DEPLOYMENT_TARGET = 9.2;
			};
			name = Release;
		};
		2D02E4991E0B4A5E006451C7 /* Debug */ = {
			isa = XCBuildConfiguration;
			baseConfigurationReference = AC59A6C982B0D863174E3FA2 /* Pods-nextpos-tvOSTests.debug.xcconfig */;
			buildSettings = {
				BUNDLE_LOADER = "$(TEST_HOST)";
				CLANG_ANALYZER_NONNULL = YES;
				CLANG_WARN_DOCUMENTATION_COMMENTS = YES;
				CLANG_WARN_INFINITE_RECURSION = YES;
				CLANG_WARN_SUSPICIOUS_MOVE = YES;
				DEBUG_INFORMATION_FORMAT = dwarf;
				ENABLE_TESTABILITY = YES;
				GCC_NO_COMMON_BLOCKS = YES;
				INFOPLIST_FILE = "nextpos-tvOSTests/Info.plist";
				LD_RUNPATH_SEARCH_PATHS = "$(inherited) @executable_path/Frameworks @loader_path/Frameworks";
				OTHER_LDFLAGS = (
					"$(inherited)",
					"-ObjC",
					"-lc++",
				);
				PRODUCT_BUNDLE_IDENTIFIER = "com.facebook.REACT.nextpos-tvOSTests";
				PRODUCT_NAME = "$(TARGET_NAME)";
				SDKROOT = appletvos;
				TEST_HOST = "$(BUILT_PRODUCTS_DIR)/nextpos-tvOS.app/nextpos-tvOS";
				TVOS_DEPLOYMENT_TARGET = 10.1;
			};
			name = Debug;
		};
		2D02E49A1E0B4A5E006451C7 /* Release */ = {
			isa = XCBuildConfiguration;
			baseConfigurationReference = 4ECA2049DD9BD8F077BE2D99 /* Pods-nextpos-tvOSTests.release.xcconfig */;
			buildSettings = {
				BUNDLE_LOADER = "$(TEST_HOST)";
				CLANG_ANALYZER_NONNULL = YES;
				CLANG_WARN_DOCUMENTATION_COMMENTS = YES;
				CLANG_WARN_INFINITE_RECURSION = YES;
				CLANG_WARN_SUSPICIOUS_MOVE = YES;
				COPY_PHASE_STRIP = NO;
				DEBUG_INFORMATION_FORMAT = "dwarf-with-dsym";
				GCC_NO_COMMON_BLOCKS = YES;
				INFOPLIST_FILE = "nextpos-tvOSTests/Info.plist";
				LD_RUNPATH_SEARCH_PATHS = "$(inherited) @executable_path/Frameworks @loader_path/Frameworks";
				OTHER_LDFLAGS = (
					"$(inherited)",
					"-ObjC",
					"-lc++",
				);
				PRODUCT_BUNDLE_IDENTIFIER = "com.facebook.REACT.nextpos-tvOSTests";
				PRODUCT_NAME = "$(TARGET_NAME)";
				SDKROOT = appletvos;
				TEST_HOST = "$(BUILT_PRODUCTS_DIR)/nextpos-tvOS.app/nextpos-tvOS";
				TVOS_DEPLOYMENT_TARGET = 10.1;
			};
			name = Release;
		};
		83CBBA201A601CBA00E9B192 /* Debug */ = {
			isa = XCBuildConfiguration;
			buildSettings = {
				ALWAYS_SEARCH_USER_PATHS = NO;
				CLANG_CXX_LANGUAGE_STANDARD = "gnu++0x";
				CLANG_CXX_LIBRARY = "libc++";
				CLANG_ENABLE_MODULES = YES;
				CLANG_ENABLE_OBJC_ARC = YES;
				CLANG_WARN_BLOCK_CAPTURE_AUTORELEASING = YES;
				CLANG_WARN_BOOL_CONVERSION = YES;
				CLANG_WARN_COMMA = YES;
				CLANG_WARN_CONSTANT_CONVERSION = YES;
				CLANG_WARN_DEPRECATED_OBJC_IMPLEMENTATIONS = YES;
				CLANG_WARN_DIRECT_OBJC_ISA_USAGE = YES_ERROR;
				CLANG_WARN_EMPTY_BODY = YES;
				CLANG_WARN_ENUM_CONVERSION = YES;
				CLANG_WARN_INFINITE_RECURSION = YES;
				CLANG_WARN_INT_CONVERSION = YES;
				CLANG_WARN_NON_LITERAL_NULL_CONVERSION = YES;
				CLANG_WARN_OBJC_IMPLICIT_RETAIN_SELF = YES;
				CLANG_WARN_OBJC_LITERAL_CONVERSION = YES;
				CLANG_WARN_OBJC_ROOT_CLASS = YES_ERROR;
				CLANG_WARN_RANGE_LOOP_ANALYSIS = YES;
				CLANG_WARN_STRICT_PROTOTYPES = YES;
				CLANG_WARN_SUSPICIOUS_MOVE = YES;
				CLANG_WARN_UNREACHABLE_CODE = YES;
				CLANG_WARN__DUPLICATE_METHOD_MATCH = YES;
				"CODE_SIGN_IDENTITY[sdk=iphoneos*]" = "iPhone Developer";
				COPY_PHASE_STRIP = NO;
				ENABLE_STRICT_OBJC_MSGSEND = YES;
				ENABLE_TESTABILITY = YES;
				GCC_C_LANGUAGE_STANDARD = gnu99;
				GCC_DYNAMIC_NO_PIC = NO;
				GCC_NO_COMMON_BLOCKS = YES;
				GCC_OPTIMIZATION_LEVEL = 0;
				GCC_PREPROCESSOR_DEFINITIONS = (
					"DEBUG=1",
					"$(inherited)",
				);
				GCC_SYMBOLS_PRIVATE_EXTERN = NO;
				GCC_WARN_64_TO_32_BIT_CONVERSION = YES;
				GCC_WARN_ABOUT_RETURN_TYPE = YES_ERROR;
				GCC_WARN_UNDECLARED_SELECTOR = YES;
				GCC_WARN_UNINITIALIZED_AUTOS = YES_AGGRESSIVE;
				GCC_WARN_UNUSED_FUNCTION = YES;
				GCC_WARN_UNUSED_VARIABLE = YES;
				IPHONEOS_DEPLOYMENT_TARGET = 9.0;
				MTL_ENABLE_DEBUG_INFO = YES;
				ONLY_ACTIVE_ARCH = YES;
				SDKROOT = iphoneos;
			};
			name = Debug;
		};
		83CBBA211A601CBA00E9B192 /* Release */ = {
			isa = XCBuildConfiguration;
			buildSettings = {
				ALWAYS_SEARCH_USER_PATHS = NO;
				CLANG_CXX_LANGUAGE_STANDARD = "gnu++0x";
				CLANG_CXX_LIBRARY = "libc++";
				CLANG_ENABLE_MODULES = YES;
				CLANG_ENABLE_OBJC_ARC = YES;
				CLANG_WARN_BLOCK_CAPTURE_AUTORELEASING = YES;
				CLANG_WARN_BOOL_CONVERSION = YES;
				CLANG_WARN_COMMA = YES;
				CLANG_WARN_CONSTANT_CONVERSION = YES;
				CLANG_WARN_DEPRECATED_OBJC_IMPLEMENTATIONS = YES;
				CLANG_WARN_DIRECT_OBJC_ISA_USAGE = YES_ERROR;
				CLANG_WARN_EMPTY_BODY = YES;
				CLANG_WARN_ENUM_CONVERSION = YES;
				CLANG_WARN_INFINITE_RECURSION = YES;
				CLANG_WARN_INT_CONVERSION = YES;
				CLANG_WARN_NON_LITERAL_NULL_CONVERSION = YES;
				CLANG_WARN_OBJC_IMPLICIT_RETAIN_SELF = YES;
				CLANG_WARN_OBJC_LITERAL_CONVERSION = YES;
				CLANG_WARN_OBJC_ROOT_CLASS = YES_ERROR;
				CLANG_WARN_RANGE_LOOP_ANALYSIS = YES;
				CLANG_WARN_STRICT_PROTOTYPES = YES;
				CLANG_WARN_SUSPICIOUS_MOVE = YES;
				CLANG_WARN_UNREACHABLE_CODE = YES;
				CLANG_WARN__DUPLICATE_METHOD_MATCH = YES;
				"CODE_SIGN_IDENTITY[sdk=iphoneos*]" = "iPhone Developer";
				COPY_PHASE_STRIP = YES;
				ENABLE_NS_ASSERTIONS = NO;
				ENABLE_STRICT_OBJC_MSGSEND = YES;
				GCC_C_LANGUAGE_STANDARD = gnu99;
				GCC_NO_COMMON_BLOCKS = YES;
				GCC_WARN_64_TO_32_BIT_CONVERSION = YES;
				GCC_WARN_ABOUT_RETURN_TYPE = YES_ERROR;
				GCC_WARN_UNDECLARED_SELECTOR = YES;
				GCC_WARN_UNINITIALIZED_AUTOS = YES_AGGRESSIVE;
				GCC_WARN_UNUSED_FUNCTION = YES;
				GCC_WARN_UNUSED_VARIABLE = YES;
				IPHONEOS_DEPLOYMENT_TARGET = 9.0;
				MTL_ENABLE_DEBUG_INFO = NO;
				SDKROOT = iphoneos;
				VALIDATE_PRODUCT = YES;
			};
			name = Release;
		};
/* End XCBuildConfiguration section */

/* Begin XCConfigurationList section */
		00E357021AD99517003FC87E /* Build configuration list for PBXNativeTarget "nextposTests" */ = {
			isa = XCConfigurationList;
			buildConfigurations = (
				00E356F61AD99517003FC87E /* Debug */,
				00E356F71AD99517003FC87E /* Release */,
			);
			defaultConfigurationIsVisible = 0;
			defaultConfigurationName = Release;
		};
		13B07F931A680F5B00A75B9A /* Build configuration list for PBXNativeTarget "nextpos" */ = {
			isa = XCConfigurationList;
			buildConfigurations = (
				13B07F941A680F5B00A75B9A /* Debug */,
				13B07F951A680F5B00A75B9A /* Release */,
			);
			defaultConfigurationIsVisible = 0;
			defaultConfigurationName = Release;
		};
		2D02E4BA1E0B4A5E006451C7 /* Build configuration list for PBXNativeTarget "nextpos-tvOS" */ = {
			isa = XCConfigurationList;
			buildConfigurations = (
				2D02E4971E0B4A5E006451C7 /* Debug */,
				2D02E4981E0B4A5E006451C7 /* Release */,
			);
			defaultConfigurationIsVisible = 0;
			defaultConfigurationName = Release;
		};
		2D02E4BB1E0B4A5E006451C7 /* Build configuration list for PBXNativeTarget "nextpos-tvOSTests" */ = {
			isa = XCConfigurationList;
			buildConfigurations = (
				2D02E4991E0B4A5E006451C7 /* Debug */,
				2D02E49A1E0B4A5E006451C7 /* Release */,
			);
			defaultConfigurationIsVisible = 0;
			defaultConfigurationName = Release;
		};
		83CBB9FA1A601CBA00E9B192 /* Build configuration list for PBXProject "nextpos" */ = {
			isa = XCConfigurationList;
			buildConfigurations = (
				83CBBA201A601CBA00E9B192 /* Debug */,
				83CBBA211A601CBA00E9B192 /* Release */,
			);
			defaultConfigurationIsVisible = 0;
			defaultConfigurationName = Release;
		};
/* End XCConfigurationList section */
	};
	rootObject = 83CBB9F71A601CBA00E9B192 /* Project object */;
}
